
Microsoft Visual Studio Solution File, Format Version 12.00
Project("{FAE04EC0-301F-11D3-BF4B-00C04F79EFBC}") = "Domain", "Domain\Domain.csproj", "{39525280-BB7C-4592-B354-9A0FB5B4200A}"
EndProject
Project("{FAE04EC0-301F-11D3-BF4B-00C04F79EFBC}") = "Persistence", "Persistence\Persistence.csproj", "{F19F34F8-1064-469F-9DBD-02A7923C83D0}"
EndProject
Project("{FAE04EC0-301F-11D3-BF4B-00C04F79EFBC}") = "WebApi", "WebApi\WebApi.csproj", "{8F6F9414-E5C6-4E0F-A287-B06FB35930C5}"
EndProject
Project("{FAE04EC0-301F-11D3-BF4B-00C04F79EFBC}") = "Infrastructure", "Infrastructure\Infrastructure.csproj", "{3DD7C276-2DD2-460B-BF47-C3F773429476}"
EndProject
Project("{FAE04EC0-301F-11D3-BF4B-00C04F79EFBC}") = "Application", "Application\Application.csproj", "{6069560E-1E85-44C8-BD18-244BA091558A}"
EndProject
Global
	GlobalSection(SolutionConfigurationPlatforms) = preSolution
		Debug|Any CPU = Debug|Any CPU
		Release|Any CPU = Release|Any CPU
	EndGlobalSection
	GlobalSection(ProjectConfigurationPlatforms) = postSolution
		{39525280-BB7C-4592-B354-9A0FB5B4200A}.Debug|Any CPU.ActiveCfg = Debug|Any CPU
		{39525280-BB7C-4592-B354-9A0FB5B4200A}.Debug|Any CPU.Build.0 = Debug|Any CPU
		{39525280-BB7C-4592-B354-9A0FB5B4200A}.Release|Any CPU.ActiveCfg = Release|Any CPU
		{39525280-BB7C-4592-B354-9A0FB5B4200A}.Release|Any CPU.Build.0 = Release|Any CPU
		{F19F34F8-1064-469F-9DBD-02A7923C83D0}.Debug|Any CPU.ActiveCfg = Debug|Any CPU
		{F19F34F8-1064-469F-9DBD-02A7923C83D0}.Debug|Any CPU.Build.0 = Debug|Any CPU
		{F19F34F8-1064-469F-9DBD-02A7923C83D0}.Release|Any CPU.ActiveCfg = Release|Any CPU
		{F19F34F8-1064-469F-9DBD-02A7923C83D0}.Release|Any CPU.Build.0 = Release|Any CPU
		{8F6F9414-E5C6-4E0F-A287-B06FB35930C5}.Debug|Any CPU.ActiveCfg = Debug|Any CPU
		{8F6F9414-E5C6-4E0F-A287-B06FB35930C5}.Debug|Any CPU.Build.0 = Debug|Any CPU
		{8F6F9414-E5C6-4E0F-A287-B06FB35930C5}.Release|Any CPU.ActiveCfg = Release|Any CPU
		{8F6F9414-E5C6-4E0F-A287-B06FB35930C5}.Release|Any CPU.Build.0 = Release|Any CPU
		{3DD7C276-2DD2-460B-BF47-C3F773429476}.Debug|Any CPU.ActiveCfg = Debug|Any CPU
		{3DD7C276-2DD2-460B-BF47-C3F773429476}.Debug|Any CPU.Build.0 = Debug|Any CPU
		{3DD7C276-2DD2-460B-BF47-C3F773429476}.Release|Any CPU.ActiveCfg = Release|Any CPU
		{3DD7C276-2DD2-460B-BF47-C3F773429476}.Release|Any CPU.Build.0 = Release|Any CPU
		{6069560E-1E85-44C8-BD18-244BA091558A}.Debug|Any CPU.ActiveCfg = Debug|Any CPU
		{6069560E-1E85-44C8-BD18-244BA091558A}.Debug|Any CPU.Build.0 = Debug|Any CPU
		{6069560E-1E85-44C8-BD18-244BA091558A}.Release|Any CPU.ActiveCfg = Release|Any CPU
		{6069560E-1E85-44C8-BD18-244BA091558A}.Release|Any CPU.Build.0 = Release|Any CPU
	EndGlobalSection
EndGlobal
